
Microsoft Visual Studio Solution File, Format Version 12.00
# Visual Studio Version 17
VisualStudioVersion = 17.0.31912.275
MinimumVisualStudioVersion = 10.0.40219.1
Project("{FAE04EC0-301F-11D3-BF4B-00C04F79EFBC}") = "AlfabetizaAPI", "AlfabetizaAPI\AlfabetizaAPI.csproj", "{375CD3FD-9D8B-406B-A052-1C5C2F48A9E2}"
EndProject
Global
	GlobalSection(SolutionConfigurationPlatforms) = preSolution
		Debug|Any CPU = Debug|Any CPU
		Release|Any CPU = Release|Any CPU
	EndGlobalSection
	GlobalSection(ProjectConfigurationPlatforms) = postSolution
		{375CD3FD-9D8B-406B-A052-1C5C2F48A9E2}.Debug|Any CPU.ActiveCfg = Debug|Any CPU
		{375CD3FD-9D8B-406B-A052-1C5C2F48A9E2}.Debug|Any CPU.Build.0 = Debug|Any CPU
		{375CD3FD-9D8B-406B-A052-1C5C2F48A9E2}.Release|Any CPU.ActiveCfg = Release|Any CPU
		{375CD3FD-9D8B-406B-A052-1C5C2F48A9E2}.Release|Any CPU.Build.0 = Release|Any CPU
	EndGlobalSection
	GlobalSection(SolutionProperties) = preSolution
		HideSolutionNode = FALSE
	EndGlobalSection
	GlobalSection(ExtensibilityGlobals) = postSolution
		SolutionGuid = {91E47C42-2A91-4504-87D7-521025161ADA}
	EndGlobalSection
EndGlobal
